
Microsoft Visual Studio Solution File, Format Version 12.00
# Visual Studio Version 16
VisualStudioVersion = 16.0.30621.155
MinimumVisualStudioVersion = 10.0.40219.1
Project("{FAE04EC0-301F-11D3-BF4B-00C04F79EFBC}") = "MainMathProject", "MainMathProject.csproj", "{8C6266D3-9E8A-4F21-B9B5-970D2C507DA0}"
EndProject
Global
	GlobalSection(SolutionConfigurationPlatforms) = preSolution
		Debug|Any CPU = Debug|Any CPU
		Release|Any CPU = Release|Any CPU
	EndGlobalSection
	GlobalSection(ProjectConfigurationPlatforms) = postSolution
		{8C6266D3-9E8A-4F21-B9B5-970D2C507DA0}.Debug|Any CPU.ActiveCfg = Debug|Any CPU
		{8C6266D3-9E8A-4F21-B9B5-970D2C507DA0}.Debug|Any CPU.Build.0 = Debug|Any CPU
		{8C6266D3-9E8A-4F21-B9B5-970D2C507DA0}.Release|Any CPU.ActiveCfg = Release|Any CPU
		{8C6266D3-9E8A-4F21-B9B5-970D2C507DA0}.Release|Any CPU.Build.0 = Release|Any CPU
	EndGlobalSection
	GlobalSection(SolutionProperties) = preSolution
		HideSolutionNode = FALSE
	EndGlobalSection
	GlobalSection(ExtensibilityGlobals) = postSolution
		SolutionGuid = {78BC42D7-2308-4290-B741-7785D545774E}
	EndGlobalSection
EndGlobal
